// !$*UTF8*$!
{
	archiveVersion = 1;
	classes = {
	};
	objectVersion = 50;
	objects = {

/* Begin PBXBuildFile section */
		42A9234BD09403CE9528EB44 /* Pods_WeatherApp.framework in Frameworks */ = {isa = PBXBuildFile; fileRef = 6636FD266A12168A78B3A117 /* Pods_WeatherApp.framework */; };
		44A6EBA421B3D211005DAE8F /* Keys.plist in Resources */ = {isa = PBXBuildFile; fileRef = 44A6EBA321B3D211005DAE8F /* Keys.plist */; };
		44A6EBA721B3F226005DAE8F /* ApiKey.swift in Sources */ = {isa = PBXBuildFile; fileRef = 44A6EBA621B3F226005DAE8F /* ApiKey.swift */; };
		44F5AF462192FF1500A0263D /* AppDelegate.swift in Sources */ = {isa = PBXBuildFile; fileRef = 44F5AF452192FF1500A0263D /* AppDelegate.swift */; };
		44F5AF482192FF1500A0263D /* ViewController.swift in Sources */ = {isa = PBXBuildFile; fileRef = 44F5AF472192FF1500A0263D /* ViewController.swift */; };
		44F5AF4B2192FF1500A0263D /* Main.storyboard in Resources */ = {isa = PBXBuildFile; fileRef = 44F5AF492192FF1500A0263D /* Main.storyboard */; };
		44F5AF4D2192FF1600A0263D /* Assets.xcassets in Resources */ = {isa = PBXBuildFile; fileRef = 44F5AF4C2192FF1600A0263D /* Assets.xcassets */; };
		44F5AF502192FF1600A0263D /* LaunchScreen.storyboard in Resources */ = {isa = PBXBuildFile; fileRef = 44F5AF4E2192FF1600A0263D /* LaunchScreen.storyboard */; };
		44FA51972196BE2000E86857 /* WeatherDataModel.swift in Sources */ = {isa = PBXBuildFile; fileRef = 44FA51962196BE2000E86857 /* WeatherDataModel.swift */; };
		44FB4EFD21A4773A00E23C30 /* CollectionViewCell.swift in Sources */ = {isa = PBXBuildFile; fileRef = 44FB4EFC21A4773A00E23C30 /* CollectionViewCell.swift */; };
		44FB4EFF21A4AF5700E23C30 /* ForecastWeatherDataModel.swift in Sources */ = {isa = PBXBuildFile; fileRef = 44FB4EFE21A4AF5700E23C30 /* ForecastWeatherDataModel.swift */; };
/* End PBXBuildFile section */

/* Begin PBXFileReference section */
		44A6EBA321B3D211005DAE8F /* Keys.plist */ = {isa = PBXFileReference; lastKnownFileType = text.plist.xml; path = Keys.plist; sourceTree = "<group>"; };
		44A6EBA621B3F226005DAE8F /* ApiKey.swift */ = {isa = PBXFileReference; lastKnownFileType = sourcecode.swift; path = ApiKey.swift; sourceTree = "<group>"; };
		44F5AF422192FF1500A0263D /* WeatherApp.app */ = {isa = PBXFileReference; explicitFileType = wrapper.application; includeInIndex = 0; path = WeatherApp.app; sourceTree = BUILT_PRODUCTS_DIR; };
		44F5AF452192FF1500A0263D /* AppDelegate.swift */ = {isa = PBXFileReference; lastKnownFileType = sourcecode.swift; path = AppDelegate.swift; sourceTree = "<group>"; };
		44F5AF472192FF1500A0263D /* ViewController.swift */ = {isa = PBXFileReference; lastKnownFileType = sourcecode.swift; path = ViewController.swift; sourceTree = "<group>"; };
		44F5AF4A2192FF1500A0263D /* Base */ = {isa = PBXFileReference; lastKnownFileType = file.storyboard; name = Base; path = Base.lproj/Main.storyboard; sourceTree = "<group>"; };
		44F5AF4C2192FF1600A0263D /* Assets.xcassets */ = {isa = PBXFileReference; lastKnownFileType = folder.assetcatalog; path = Assets.xcassets; sourceTree = "<group>"; };
		44F5AF4F2192FF1600A0263D /* Base */ = {isa = PBXFileReference; lastKnownFileType = file.storyboard; name = Base; path = Base.lproj/LaunchScreen.storyboard; sourceTree = "<group>"; };
		44F5AF512192FF1600A0263D /* Info.plist */ = {isa = PBXFileReference; lastKnownFileType = text.plist.xml; path = Info.plist; sourceTree = "<group>"; };
		44FA51962196BE2000E86857 /* WeatherDataModel.swift */ = {isa = PBXFileReference; lastKnownFileType = sourcecode.swift; path = WeatherDataModel.swift; sourceTree = "<group>"; };
		44FB4EFC21A4773A00E23C30 /* CollectionViewCell.swift */ = {isa = PBXFileReference; lastKnownFileType = sourcecode.swift; path = CollectionViewCell.swift; sourceTree = "<group>"; };
		44FB4EFE21A4AF5700E23C30 /* ForecastWeatherDataModel.swift */ = {isa = PBXFileReference; lastKnownFileType = sourcecode.swift; path = ForecastWeatherDataModel.swift; sourceTree = "<group>"; };
		4D4B995D9A714D91C3059A4A /* Pods-WeatherApp.release.xcconfig */ = {isa = PBXFileReference; includeInIndex = 1; lastKnownFileType = text.xcconfig; name = "Pods-WeatherApp.release.xcconfig"; path = "Pods/Target Support Files/Pods-WeatherApp/Pods-WeatherApp.release.xcconfig"; sourceTree = "<group>"; };
		6636FD266A12168A78B3A117 /* Pods_WeatherApp.framework */ = {isa = PBXFileReference; explicitFileType = wrapper.framework; includeInIndex = 0; path = Pods_WeatherApp.framework; sourceTree = BUILT_PRODUCTS_DIR; };
		AC102903119FDBAB9F1A16F5 /* Pods-WeatherApp.debug.xcconfig */ = {isa = PBXFileReference; includeInIndex = 1; lastKnownFileType = text.xcconfig; name = "Pods-WeatherApp.debug.xcconfig"; path = "Pods/Target Support Files/Pods-WeatherApp/Pods-WeatherApp.debug.xcconfig"; sourceTree = "<group>"; };
/* End PBXFileReference section */

/* Begin PBXFrameworksBuildPhase section */
		44F5AF3F2192FF1500A0263D /* Frameworks */ = {
			isa = PBXFrameworksBuildPhase;
			buildActionMask = 2147483647;
			files = (
				42A9234BD09403CE9528EB44 /* Pods_WeatherApp.framework in Frameworks */,
			);
			runOnlyForDeploymentPostprocessing = 0;
		};
/* End PBXFrameworksBuildPhase section */

/* Begin PBXGroup section */
		43D3F1E5772673507BE7F9E2 /* Frameworks */ = {
			isa = PBXGroup;
			children = (
				6636FD266A12168A78B3A117 /* Pods_WeatherApp.framework */,
			);
			name = Frameworks;
			sourceTree = "<group>";
		};
		44F5AF392192FF1500A0263D = {
			isa = PBXGroup;
			children = (
				44F5AF442192FF1500A0263D /* WeatherApp */,
				44F5AF432192FF1500A0263D /* Products */,
				C99914F9CB2C0723BED4467F /* Pods */,
				43D3F1E5772673507BE7F9E2 /* Frameworks */,
			);
			sourceTree = "<group>";
		};
		44F5AF432192FF1500A0263D /* Products */ = {
			isa = PBXGroup;
			children = (
				44F5AF422192FF1500A0263D /* WeatherApp.app */,
			);
			name = Products;
			sourceTree = "<group>";
		};
		44F5AF442192FF1500A0263D /* WeatherApp */ = {
			isa = PBXGroup;
			children = (
				44F5AF582192FF3A00A0263D /* View */,
				44F5AF572192FF3300A0263D /* Model */,
				44F5AF592192FF4300A0263D /* Controller */,
				44F5AF4C2192FF1600A0263D /* Assets.xcassets */,
				44F5AF4E2192FF1600A0263D /* LaunchScreen.storyboard */,
				44F5AF512192FF1600A0263D /* Info.plist */,
				44A6EBA321B3D211005DAE8F /* Keys.plist */,
				44A6EBA621B3F226005DAE8F /* ApiKey.swift */,
			);
			path = WeatherApp;
			sourceTree = "<group>";
		};
		44F5AF572192FF3300A0263D /* Model */ = {
			isa = PBXGroup;
			children = (
				44FA51962196BE2000E86857 /* WeatherDataModel.swift */,
				44FB4EFE21A4AF5700E23C30 /* ForecastWeatherDataModel.swift */,
			);
			path = Model;
			sourceTree = "<group>";
		};
		44F5AF582192FF3A00A0263D /* View */ = {
			isa = PBXGroup;
			children = (
				44F5AF492192FF1500A0263D /* Main.storyboard */,
				44FB4EFC21A4773A00E23C30 /* CollectionViewCell.swift */,
			);
			path = View;
			sourceTree = "<group>";
		};
		44F5AF592192FF4300A0263D /* Controller */ = {
			isa = PBXGroup;
			children = (
				44F5AF452192FF1500A0263D /* AppDelegate.swift */,
				44F5AF472192FF1500A0263D /* ViewController.swift */,
			);
			path = Controller;
			sourceTree = "<group>";
		};
		C99914F9CB2C0723BED4467F /* Pods */ = {
			isa = PBXGroup;
			children = (
				AC102903119FDBAB9F1A16F5 /* Pods-WeatherApp.debug.xcconfig */,
				4D4B995D9A714D91C3059A4A /* Pods-WeatherApp.release.xcconfig */,
			);
			name = Pods;
			sourceTree = "<group>";
		};
/* End PBXGroup section */

/* Begin PBXNativeTarget section */
		44F5AF412192FF1500A0263D /* WeatherApp */ = {
			isa = PBXNativeTarget;
			buildConfigurationList = 44F5AF542192FF1600A0263D /* Build configuration list for PBXNativeTarget "WeatherApp" */;
			buildPhases = (
				A0BDE1AD8B3F7D5528E57A5F /* [CP] Check Pods Manifest.lock */,
				44F5AF3E2192FF1500A0263D /* Sources */,
				44F5AF3F2192FF1500A0263D /* Frameworks */,
				44F5AF402192FF1500A0263D /* Resources */,
				32020C98DDECC09429922889 /* [CP] Embed Pods Frameworks */,
			);
			buildRules = (
			);
			dependencies = (
			);
			name = WeatherApp;
			productName = WeatherApp;
			productReference = 44F5AF422192FF1500A0263D /* WeatherApp.app */;
			productType = "com.apple.product-type.application";
		};
/* End PBXNativeTarget section */

/* Begin PBXProject section */
		44F5AF3A2192FF1500A0263D /* Project object */ = {
			isa = PBXProject;
			attributes = {
				LastSwiftUpdateCheck = 1010;
				LastUpgradeCheck = 1010;
				ORGANIZATIONNAME = "Ruslan Kuksa";
				TargetAttributes = {
					44F5AF412192FF1500A0263D = {
						CreatedOnToolsVersion = 10.1;
						SystemCapabilities = {
							com.apple.iCloud = {
								enabled = 1;
							};
						};
					};
				};
			};
			buildConfigurationList = 44F5AF3D2192FF1500A0263D /* Build configuration list for PBXProject "WeatherApp" */;
			compatibilityVersion = "Xcode 9.3";
			developmentRegion = en;
			hasScannedForEncodings = 0;
			knownRegions = (
				en,
				Base,
			);
			mainGroup = 44F5AF392192FF1500A0263D;
			productRefGroup = 44F5AF432192FF1500A0263D /* Products */;
			projectDirPath = "";
			projectRoot = "";
			targets = (
				44F5AF412192FF1500A0263D /* WeatherApp */,
			);
		};
/* End PBXProject section */

/* Begin PBXResourcesBuildPhase section */
		44F5AF402192FF1500A0263D /* Resources */ = {
			isa = PBXResourcesBuildPhase;
			buildActionMask = 2147483647;
			files = (
				44A6EBA421B3D211005DAE8F /* Keys.plist in Resources */,
				44F5AF502192FF1600A0263D /* LaunchScreen.storyboard in Resources */,
				44F5AF4D2192FF1600A0263D /* Assets.xcassets in Resources */,
				44F5AF4B2192FF1500A0263D /* Main.storyboard in Resources */,
			);
			runOnlyForDeploymentPostprocessing = 0;
		};
/* End PBXResourcesBuildPhase section */

/* Begin PBXShellScriptBuildPhase section */
		32020C98DDECC09429922889 /* [CP] Embed Pods Frameworks */ = {
			isa = PBXShellScriptBuildPhase;
			buildActionMask = 2147483647;
			files = (
			);
			inputFileListPaths = (
			);
			inputPaths = (
				"${SRCROOT}/Pods/Target Support Files/Pods-WeatherApp/Pods-WeatherApp-frameworks.sh",
				"${BUILT_PRODUCTS_DIR}/Alamofire/Alamofire.framework",
				"${BUILT_PRODUCTS_DIR}/SwiftyJSON/SwiftyJSON.framework",
			);
			name = "[CP] Embed Pods Frameworks";
			outputFileListPaths = (
			);
			outputPaths = (
				"${TARGET_BUILD_DIR}/${FRAMEWORKS_FOLDER_PATH}/Alamofire.framework",
				"${TARGET_BUILD_DIR}/${FRAMEWORKS_FOLDER_PATH}/SwiftyJSON.framework",
			);
			runOnlyForDeploymentPostprocessing = 0;
			shellPath = /bin/sh;
			shellScript = "\"${SRCROOT}/Pods/Target Support Files/Pods-WeatherApp/Pods-WeatherApp-frameworks.sh\"\n";
			showEnvVarsInLog = 0;
		};
		A0BDE1AD8B3F7D5528E57A5F /* [CP] Check Pods Manifest.lock */ = {
			isa = PBXShellScriptBuildPhase;
			buildActionMask = 2147483647;
			files = (
			);
			inputFileListPaths = (
			);
			inputPaths = (
				"${PODS_PODFILE_DIR_PATH}/Podfile.lock",
				"${PODS_ROOT}/Manifest.lock",
			);
			name = "[CP] Check Pods Manifest.lock";
			outputFileListPaths = (
			);
			outputPaths = (
				"$(DERIVED_FILE_DIR)/Pods-WeatherApp-checkManifestLockResult.txt",
			);
			runOnlyForDeploymentPostprocessing = 0;
			shellPath = /bin/sh;
			shellScript = "diff \"${PODS_PODFILE_DIR_PATH}/Podfile.lock\" \"${PODS_ROOT}/Manifest.lock\" > /dev/null\nif [ $? != 0 ] ; then\n    # print error to STDERR\n    echo \"error: The sandbox is not in sync with the Podfile.lock. Run 'pod install' or update your CocoaPods installation.\" >&2\n    exit 1\nfi\n# This output is used by Xcode 'outputs' to avoid re-running this script phase.\necho \"SUCCESS\" > \"${SCRIPT_OUTPUT_FILE_0}\"\n";
			showEnvVarsInLog = 0;
		};
/* End PBXShellScriptBuildPhase section */

/* Begin PBXSourcesBuildPhase section */
		44F5AF3E2192FF1500A0263D /* Sources */ = {
			isa = PBXSourcesBuildPhase;
			buildActionMask = 2147483647;
			files = (
				44F5AF482192FF1500A0263D /* ViewController.swift in Sources */,
				44F5AF462192FF1500A0263D /* AppDelegate.swift in Sources */,
				44FB4EFD21A4773A00E23C30 /* CollectionViewCell.swift in Sources */,
				44FB4EFF21A4AF5700E23C30 /* ForecastWeatherDataModel.swift in Sources */,
				44A6EBA721B3F226005DAE8F /* ApiKey.swift in Sources */,
				44FA51972196BE2000E86857 /* WeatherDataModel.swift in Sources */,
			);
			runOnlyForDeploymentPostprocessing = 0;
		};
/* End PBXSourcesBuildPhase section */

/* Begin PBXVariantGroup section */
		44F5AF492192FF1500A0263D /* Main.storyboard */ = {
			isa = PBXVariantGroup;
			children = (
				44F5AF4A2192FF1500A0263D /* Base */,
			);
			name = Main.storyboard;
			sourceTree = "<group>";
		};
		44F5AF4E2192FF1600A0263D /* LaunchScreen.storyboard */ = {
			isa = PBXVariantGroup;
			children = (
				44F5AF4F2192FF1600A0263D /* Base */,
			);
			name = LaunchScreen.storyboard;
			sourceTree = "<group>";
		};
/* End PBXVariantGroup section */

/* Begin XCBuildConfiguration section */
		44F5AF522192FF1600A0263D /* Debug */ = {
			isa = XCBuildConfiguration;
			buildSettings = {
				ALWAYS_SEARCH_USER_PATHS = NO;
				CLANG_ANALYZER_NONNULL = YES;
				CLANG_ANALYZER_NUMBER_OBJECT_CONVERSION = YES_AGGRESSIVE;
				CLANG_CXX_LANGUAGE_STANDARD = "gnu++14";
				CLANG_CXX_LIBRARY = "libc++";
				CLANG_ENABLE_MODULES = YES;
				CLANG_ENABLE_OBJC_ARC = YES;
				CLANG_ENABLE_OBJC_WEAK = YES;
				CLANG_WARN_BLOCK_CAPTURE_AUTORELEASING = YES;
				CLANG_WARN_BOOL_CONVERSION = YES;
				CLANG_WARN_COMMA = YES;
				CLANG_WARN_CONSTANT_CONVERSION = YES;
				CLANG_WARN_DEPRECATED_OBJC_IMPLEMENTATIONS = YES;
				CLANG_WARN_DIRECT_OBJC_ISA_USAGE = YES_ERROR;
				CLANG_WARN_DOCUMENTATION_COMMENTS = YES;
				CLANG_WARN_EMPTY_BODY = YES;
				CLANG_WARN_ENUM_CONVERSION = YES;
				CLANG_WARN_INFINITE_RECURSION = YES;
				CLANG_WARN_INT_CONVERSION = YES;
				CLANG_WARN_NON_LITERAL_NULL_CONVERSION = YES;
				CLANG_WARN_OBJC_IMPLICIT_RETAIN_SELF = YES;
				CLANG_WARN_OBJC_LITERAL_CONVERSION = YES;
				CLANG_WARN_OBJC_ROOT_CLASS = YES_ERROR;
				CLANG_WARN_RANGE_LOOP_ANALYSIS = YES;
				CLANG_WARN_STRICT_PROTOTYPES = YES;
				CLANG_WARN_SUSPICIOUS_MOVE = YES;
				CLANG_WARN_UNGUARDED_AVAILABILITY = YES_AGGRESSIVE;
				CLANG_WARN_UNREACHABLE_CODE = YES;
				CLANG_WARN__DUPLICATE_METHOD_MATCH = YES;
				CODE_SIGN_IDENTITY = "iPhone Developer";
				COPY_PHASE_STRIP = NO;
				DEBUG_INFORMATION_FORMAT = dwarf;
				ENABLE_STRICT_OBJC_MSGSEND = YES;
				ENABLE_TESTABILITY = YES;
				GCC_C_LANGUAGE_STANDARD = gnu11;
				GCC_DYNAMIC_NO_PIC = NO;
				GCC_NO_COMMON_BLOCKS = YES;
				GCC_OPTIMIZATION_LEVEL = 0;
				GCC_PREPROCESSOR_DEFINITIONS = (
					"DEBUG=1",
					"$(inherited)",
				);
				GCC_WARN_64_TO_32_BIT_CONVERSION = YES;
				GCC_WARN_ABOUT_RETURN_TYPE = YES_ERROR;
				GCC_WARN_UNDECLARED_SELECTOR = YES;
				GCC_WARN_UNINITIALIZED_AUTOS = YES_AGGRESSIVE;
				GCC_WARN_UNUSED_FUNCTION = YES;
				GCC_WARN_UNUSED_VARIABLE = YES;
				IPHONEOS_DEPLOYMENT_TARGET = 12.1;
				MTL_ENABLE_DEBUG_INFO = INCLUDE_SOURCE;
				MTL_FAST_MATH = YES;
				ONLY_ACTIVE_ARCH = YES;
				SDKROOT = iphoneos;
				SWIFT_ACTIVE_COMPILATION_CONDITIONS = DEBUG;
				SWIFT_OPTIMIZATION_LEVEL = "-Onone";
			};
			name = Debug;
		};
		44F5AF532192FF1600A0263D /* Release */ = {
			isa = XCBuildConfiguration;
			buildSettings = {
				ALWAYS_SEARCH_USER_PATHS = NO;
				CLANG_ANALYZER_NONNULL = YES;
				CLANG_ANALYZER_NUMBER_OBJECT_CONVERSION = YES_AGGRESSIVE;
				CLANG_CXX_LANGUAGE_STANDARD = "gnu++14";
				CLANG_CXX_LIBRARY = "libc++";
				CLANG_ENABLE_MODULES = YES;
				CLANG_ENABLE_OBJC_ARC = YES;
				CLANG_ENABLE_OBJC_WEAK = YES;
				CLANG_WARN_BLOCK_CAPTURE_AUTORELEASING = YES;
				CLANG_WARN_BOOL_CONVERSION = YES;
				CLANG_WARN_COMMA = YES;
				CLANG_WARN_CONSTANT_CONVERSION = YES;
				CLANG_WARN_DEPRECATED_OBJC_IMPLEMENTATIONS = YES;
				CLANG_WARN_DIRECT_OBJC_ISA_USAGE = YES_ERROR;
				CLANG_WARN_DOCUMENTATION_COMMENTS = YES;
				CLANG_WARN_EMPTY_BODY = YES;
				CLANG_WARN_ENUM_CONVERSION = YES;
				CLANG_WARN_INFINITE_RECURSION = YES;
				CLANG_WARN_INT_CONVERSION = YES;
				CLANG_WARN_NON_LITERAL_NULL_CONVERSION = YES;
				CLANG_WARN_OBJC_IMPLICIT_RETAIN_SELF = YES;
				CLANG_WARN_OBJC_LITERAL_CONVERSION = YES;
				CLANG_WARN_OBJC_ROOT_CLASS = YES_ERROR;
				CLANG_WARN_RANGE_LOOP_ANALYSIS = YES;
				CLANG_WARN_STRICT_PROTOTYPES = YES;
				CLANG_WARN_SUSPICIOUS_MOVE = YES;
				CLANG_WARN_UNGUARDED_AVAILABILITY = YES_AGGRESSIVE;
				CLANG_WARN_UNREACHABLE_CODE = YES;
				CLANG_WARN__DUPLICATE_METHOD_MATCH = YES;
				CODE_SIGN_IDENTITY = "iPhone Developer";
				COPY_PHASE_STRIP = NO;
				DEBUG_INFORMATION_FORMAT = "dwarf-with-dsym";
				ENABLE_NS_ASSERTIONS = NO;
				ENABLE_STRICT_OBJC_MSGSEND = YES;
				GCC_C_LANGUAGE_STANDARD = gnu11;
				GCC_NO_COMMON_BLOCKS = YES;
				GCC_WARN_64_TO_32_BIT_CONVERSION = YES;
				GCC_WARN_ABOUT_RETURN_TYPE = YES_ERROR;
				GCC_WARN_UNDECLARED_SELECTOR = YES;
				GCC_WARN_UNINITIALIZED_AUTOS = YES_AGGRESSIVE;
				GCC_WARN_UNUSED_FUNCTION = YES;
				GCC_WARN_UNUSED_VARIABLE = YES;
				IPHONEOS_DEPLOYMENT_TARGET = 12.1;
				MTL_ENABLE_DEBUG_INFO = NO;
				MTL_FAST_MATH = YES;
				SDKROOT = iphoneos;
				SWIFT_COMPILATION_MODE = wholemodule;
				SWIFT_OPTIMIZATION_LEVEL = "-O";
				VALIDATE_PRODUCT = YES;
			};
			name = Release;
		};
		44F5AF552192FF1600A0263D /* Debug */ = {
			isa = XCBuildConfiguration;
			baseConfigurationReference = AC102903119FDBAB9F1A16F5 /* Pods-WeatherApp.debug.xcconfig */;
			buildSettings = {
				ASSETCATALOG_COMPILER_APPICON_NAME = AppIcon;
				CODE_SIGN_STYLE = Automatic;
				DEVELOPMENT_TEAM = Q8896Y6GNQ;
				INFOPLIST_FILE = WeatherApp/Info.plist;
				LD_RUNPATH_SEARCH_PATHS = (
					"$(inherited)",
					"@executable_path/Frameworks",
				);
				PRODUCT_BUNDLE_IDENTIFIER = com.ruslan.WeatherApp;
				PRODUCT_NAME = "$(TARGET_NAME)";
				SWIFT_VERSION = 4.2;
				TARGETED_DEVICE_FAMILY = 1;
			};
			name = Debug;
		};
		44F5AF562192FF1600A0263D /* Release */ = {
			isa = XCBuildConfiguration;
			baseConfigurationReference = 4D4B995D9A714D91C3059A4A /* Pods-WeatherApp.release.xcconfig */;
			buildSettings = {
				ASSETCATALOG_COMPILER_APPICON_NAME = AppIcon;
				CODE_SIGN_STYLE = Automatic;
				DEVELOPMENT_TEAM = Q8896Y6GNQ;
				INFOPLIST_FILE = WeatherApp/Info.plist;
				LD_RUNPATH_SEARCH_PATHS = (
					"$(inherited)",
					"@executable_path/Frameworks",
				);
				PRODUCT_BUNDLE_IDENTIFIER = com.ruslan.WeatherApp;
				PRODUCT_NAME = "$(TARGET_NAME)";
				SWIFT_VERSION = 4.2;
				TARGETED_DEVICE_FAMILY = 1;
			};
			name = Release;
		};
/* End XCBuildConfiguration section */

/* Begin XCConfigurationList section */
		44F5AF3D2192FF1500A0263D /* Build configuration list for PBXProject "WeatherApp" */ = {
			isa = XCConfigurationList;
			buildConfigurations = (
				44F5AF522192FF1600A0263D /* Debug */,
				44F5AF532192FF1600A0263D /* Release */,
			);
			defaultConfigurationIsVisible = 0;
			defaultConfigurationName = Release;
		};
		44F5AF542192FF1600A0263D /* Build configuration list for PBXNativeTarget "WeatherApp" */ = {
			isa = XCConfigurationList;
			buildConfigurations = (
				44F5AF552192FF1600A0263D /* Debug */,
				44F5AF562192FF1600A0263D /* Release */,
			);
			defaultConfigurationIsVisible = 0;
			defaultConfigurationName = Release;
		};
/* End XCConfigurationList section */
	};
	rootObject = 44F5AF3A2192FF1500A0263D /* Project object */;
}
